<?xml version="1.0" encoding="UTF-8" standalone="yes" ?>
<CodeBlocks_project_file>
	<FileVersion major="1" minor="6" />
	<Project>
		<Option title="LoLClientAPI" />
		<Option pch_mode="2" />
		<Option compiler="gcc" />
		<Build>
			<Target title="ReleaseDLL">
				<Option output="Release/bin/LoLClientAPI" prefix_auto="1" extension_auto="1" />
				<Option object_output="obj/Release/" />
				<Option type="3" />
				<Option compiler="gcc" />
				<Compiler>
					<Add option="-O2" />
				</Compiler>
				<Linker>
					<Add option="-s" />
				</Linker>
			</Target>
			<Target title="Executable">
				<Option output="PythonWrapper/LoLClientAPI" prefix_auto="1" extension_auto="1" />
				<Option object_output="obj/Debug/" />
				<Option type="1" />
				<Option compiler="gcc" />
				<Compiler>
					<Add option="-g" />
					<Add option="-DAPI_EXECUTABLE" />
					<Add option="-DDEBUG_ACTIVATED" />
					<Add option="-DEXPORT_TO_CHEATENGINE" />
				</Compiler>
			</Target>
			<Target title="DebugDLL">
				<Option output="PythonWrapper/LoLClientAPI" prefix_auto="1" extension_auto="1" />
				<Option object_output="obj/Debug/" />
				<Option type="3" />
				<Option compiler="gcc" />
				<Compiler>
					<Add option="-g" />
					<Add option="-DAPI_EXECUTABLE" />
					<Add option="-DDEBUG_ACTIVATED" />
					<Add option="-DEXPORT_TO_CHEATENGINE" />
				</Compiler>
			</Target>
		</Build>
		<Compiler>
			<Add option="-Wall" />
			<Add option="-static-libgcc" />
			<Add option="-static-libstdc++" />
			<Add directory="../LoLClientAPI" />
			<Add directory="../../C" />
		</Compiler>
		<Linker>
			<Add library="ntdll" />
			<Add library="ws2_32" />
		</Linker>
		<Unit filename="../BbQueue/BbQueue.c">
			<Option compilerVar="CC" />
		</Unit>
		<Unit filename="../BbQueue/BbQueue.h" />
		<Unit filename="../Console/Console.c">
			<Option compilerVar="CC" />
		</Unit>
		<Unit filename="../Console/Console.h" />
		<Unit filename="../EasySocket/EasySocket.c">
			<Option compilerVar="CC" />
		</Unit>
		<Unit filename="../EasySocket/EasySocket.h" />
		<Unit filename="../Scanner/Scanner.h" />
		<Unit filename="../Utils/Utils.c">
			<Option compilerVar="CC" />
		</Unit>
		<Unit filename="../Utils/Utils.h" />
		<Unit filename="../Win32Tools/Win32Tools.h" />
		<Unit filename="../Ztring/Ztring.c">
			<Option compilerVar="CC" />
		</Unit>
		<Unit filename="../Ztring/Ztring.h" />
		<Unit filename="../dbg/dbg.c">
			<Option compilerVar="CC" />
		</Unit>
		<Unit filename="../dbg/dbg.h" />
		<Unit filename="LoLAPI/LoLAPI.h" />
		<Unit filename="LoLAPI/LoLAPIPacket.h" />
		<Unit filename="LoLAPI/LoLAPIRequest.c">
			<Option compilerVar="CC" />
		</Unit>
		<Unit filename="LoLAPI/LoLAPIRequest.h" />
		<Unit filename="LoLClientAPI/LoLClientAPI.c">
			<Option compilerVar="CC" />
		</Unit>
		<Unit filename="LoLClientAPI/LoLClientAPI.h" />
		<Unit filename="LoLClientAPI/LoLClientInterface.c">
			<Option compilerVar="CC" />
		</Unit>
		<Unit filename="LoLClientAPI/LoLClientInterface.h" />
		<Unit filename="Position/Position.c">
			<Option compilerVar="CC" />
		</Unit>
		<Unit filename="Position/Position.h" />
		<Unit filename="mainClient.c">
			<Option compilerVar="CC" />
		</Unit>
		<Extensions>
			<code_completion />
			<debugger />
			<envvars />
		</Extensions>
	</Project>
</CodeBlocks_project_file>
