<?xml version="1.0" encoding="UTF-8" standalone="yes" ?>
<CodeBlocks_project_file>
	<FileVersion major="1" minor="6" />
	<Project>
		<Option title="LoLClientAPI" />
		<Option pch_mode="2" />
		<Option compiler="gcc" />
		<Build>
			<Target title="Debug">
				<Option output="bin\Debug\LoLClientAPI" prefix_auto="1" extension_auto="1" />
				<Option object_output="obj\Debug\" />
				<Option type="3" />
				<Option compiler="gcc" />
				<Compiler>
					<Add option="-g" />
					<Add option="-D_DEBUG_" />
					<Add option="-DDEBUG_ACTIVATED" />
				</Compiler>
			</Target>
			<Target title="ReleaseDLL">
				<Option output="bin\Release\LoLClientAPI" prefix_auto="1" extension_auto="1" />
				<Option object_output="obj\Release\" />
				<Option type="3" />
				<Option compiler="gcc" />
				<Compiler>
					<Add option="-O2" />
				</Compiler>
				<Linker>
					<Add option="-s" />
				</Linker>
			</Target>
			<Target title="Executable">
				<Option output="bin\Release\LoLClientAPI" prefix_auto="1" extension_auto="1" />
				<Option object_output="obj\Debug\" />
				<Option type="1" />
				<Option compiler="gcc" />
				<Compiler>
					<Add option="-DAPI_EXECUTABLE" />
					<Add option="-DDEBUG_ACTIVATED" />
				</Compiler>
			</Target>
			<Target title="DebugDLL">
				<Option output="bin\Debug\LoLClientAPI" prefix_auto="1" extension_auto="1" />
				<Option object_output="obj\Debug\" />
				<Option type="3" />
				<Option compiler="gcc" />
				<Compiler>
					<Add option="-g" />
					<Add option="-DAPI_EXECUTABLE" />
					<Add option="-DDEBUG_ACTIVATED" />
				</Compiler>
			</Target>
		</Build>
		<Compiler>
			<Add option="-Wall" />
			<Add directory="..\LoLClientAPI" />
			<Add directory="..\..\C" />
		</Compiler>
		<Unit filename="..\BbQueue\BbQueue.c">
			<Option compilerVar="CC" />
		</Unit>
		<Unit filename="..\BbQueue\BbQueue.h" />
		<Unit filename="LoLClientAPI.c">
			<Option compilerVar="CC" />
		</Unit>
		<Unit filename="LoLClientAPI.h" />
		<Unit filename="LoLMemory\GameObject\GameObject.c">
			<Option compilerVar="CC" />
		</Unit>
		<Unit filename="LoLMemory\GameObject\GameObject.h" />
		<Unit filename="LoLMemory\HudCamera\HudCamera.h" />
		<Unit filename="LoLMemory\HudManager\HudCamera\HudCamera.c">
			<Option compilerVar="CC" />
		</Unit>
		<Unit filename="LoLMemory\HudManager\HudCamera\HudCamera.h" />
		<Unit filename="LoLMemory\HudManager\HudCamera\HudCameraTest.c">
			<Option compilerVar="CC" />
		</Unit>
		<Unit filename="LoLMemory\HudManager\HudCursorTarget\HudCursorTarget.c">
			<Option compilerVar="CC" />
		</Unit>
		<Unit filename="LoLMemory\HudManager\HudCursorTarget\HudCursorTarget.h" />
		<Unit filename="LoLMemory\HudManager\HudCursorTarget\HudCursorTargetTest.c">
			<Option compilerVar="CC" />
		</Unit>
		<Unit filename="LoLMemory\HudManager\HudManager.c">
			<Option compilerVar="CC" />
		</Unit>
		<Unit filename="LoLMemory\HudManager\HudManager.h" />
		<Unit filename="LoLMemory\HudManager\HudManagerTest.c">
			<Option compilerVar="CC" />
		</Unit>
		<Unit filename="LoLProcess\LoLProcess.c">
			<Option compilerVar="CC" />
		</Unit>
		<Unit filename="LoLProcess\LoLProcess.h" />
		<Unit filename="LoLProcess\LoLProcessTest.c">
			<Option compilerVar="CC" />
		</Unit>
		<Unit filename="Position\Position.c">
			<Option compilerVar="CC" />
		</Unit>
		<Unit filename="Position\Position.h" />
		<Unit filename="main.c">
			<Option compilerVar="CC" />
		</Unit>
		<Unit filename="..\MemProc\MemChunk.c">
			<Option compilerVar="CC" />
		</Unit>
		<Unit filename="..\MemProc\MemChunk.h" />
		<Unit filename="..\MemProc\MemProc.c">
			<Option compilerVar="CC" />
		</Unit>
		<Unit filename="..\MemProc\MemProc.h" />
		<Unit filename="..\Scanner\Scanner.c">
			<Option compilerVar="CC" />
		</Unit>
		<Unit filename="..\Scanner\Scanner.h" />
		<Unit filename="..\Utils\Utils.c">
			<Option compilerVar="CC" />
		</Unit>
		<Unit filename="..\Utils\Utils.h" />
		<Unit filename="..\Win32Tools\Win32Tools.c">
			<Option compilerVar="CC" />
		</Unit>
		<Unit filename="..\Win32Tools\Win32Tools.h" />
		<Unit filename="..\Ztring\Ztring.c">
			<Option compilerVar="CC" />
		</Unit>
		<Unit filename="..\Ztring\Ztring.h" />
		<Unit filename="..\dbg\dbg.c">
			<Option compilerVar="CC" />
		</Unit>
		<Unit filename="..\dbg\dbg.h" />
		<Extensions>
			<code_completion />
			<debugger />
		</Extensions>
	</Project>
</CodeBlocks_project_file>
